
Microsoft Visual Studio Solution File, Format Version 12.00
# Visual Studio 14
VisualStudioVersion = 14.0.23107.0
MinimumVisualStudioVersion = 10.0.40219.1
Project("{F2A71F9B-5D33-465A-A702-920D77279786}") = "DbComb", "DbComb\DbComb.fsproj", "{AF71116B-F207-4A83-84B3-273CD6B568F0}"
EndProject
Project("{F2A71F9B-5D33-465A-A702-920D77279786}") = "Console1", "Console1\Console1.fsproj", "{F8DB3790-DC62-4C62-A959-CF289519618A}"
EndProject
Global
	GlobalSection(SolutionConfigurationPlatforms) = preSolution
		Debug|Any CPU = Debug|Any CPU
		Release|Any CPU = Release|Any CPU
	EndGlobalSection
	GlobalSection(ProjectConfigurationPlatforms) = postSolution
		{AF71116B-F207-4A83-84B3-273CD6B568F0}.Debug|Any CPU.ActiveCfg = Debug|Any CPU
		{AF71116B-F207-4A83-84B3-273CD6B568F0}.Debug|Any CPU.Build.0 = Debug|Any CPU
		{AF71116B-F207-4A83-84B3-273CD6B568F0}.Release|Any CPU.ActiveCfg = Release|Any CPU
		{AF71116B-F207-4A83-84B3-273CD6B568F0}.Release|Any CPU.Build.0 = Release|Any CPU
		{F8DB3790-DC62-4C62-A959-CF289519618A}.Debug|Any CPU.ActiveCfg = Debug|Any CPU
		{F8DB3790-DC62-4C62-A959-CF289519618A}.Debug|Any CPU.Build.0 = Debug|Any CPU
		{F8DB3790-DC62-4C62-A959-CF289519618A}.Release|Any CPU.ActiveCfg = Release|Any CPU
		{F8DB3790-DC62-4C62-A959-CF289519618A}.Release|Any CPU.Build.0 = Release|Any CPU
	EndGlobalSection
	GlobalSection(SolutionProperties) = preSolution
		HideSolutionNode = FALSE
	EndGlobalSection
EndGlobal
